
Microsoft Visual Studio Solution File, Format Version 12.00
# Visual Studio 15
VisualStudioVersion = 15.0.26430.14
MinimumVisualStudioVersion = 10.0.40219.1
Project("{9A19103F-16F7-4668-BE54-9A1E7A4F7556}") = "ServiceBus.Mischief", "ServiceBus.Mischief\ServiceBus.Mischief.csproj", "{5B09D75C-3554-4A8B-8DE2-C593CEF79656}"
EndProject
Project("{FAE04EC0-301F-11D3-BF4B-00C04F79EFBC}") = "ServiceBus.Mischief.Tests", "ServiceBus.Mischief.Tests\ServiceBus.Mischief.Tests.csproj", "{61CDEDB3-3F8F-4554-AB47-CCF7CEA4EC77}"
EndProject
Global
	GlobalSection(SolutionConfigurationPlatforms) = preSolution
		Debug|Any CPU = Debug|Any CPU
		Release|Any CPU = Release|Any CPU
	EndGlobalSection
	GlobalSection(ProjectConfigurationPlatforms) = postSolution
		{5B09D75C-3554-4A8B-8DE2-C593CEF79656}.Debug|Any CPU.ActiveCfg = Debug|Any CPU
		{5B09D75C-3554-4A8B-8DE2-C593CEF79656}.Debug|Any CPU.Build.0 = Debug|Any CPU
		{5B09D75C-3554-4A8B-8DE2-C593CEF79656}.Release|Any CPU.ActiveCfg = Release|Any CPU
		{5B09D75C-3554-4A8B-8DE2-C593CEF79656}.Release|Any CPU.Build.0 = Release|Any CPU
		{61CDEDB3-3F8F-4554-AB47-CCF7CEA4EC77}.Debug|Any CPU.ActiveCfg = Debug|Any CPU
		{61CDEDB3-3F8F-4554-AB47-CCF7CEA4EC77}.Debug|Any CPU.Build.0 = Debug|Any CPU
		{61CDEDB3-3F8F-4554-AB47-CCF7CEA4EC77}.Release|Any CPU.ActiveCfg = Release|Any CPU
		{61CDEDB3-3F8F-4554-AB47-CCF7CEA4EC77}.Release|Any CPU.Build.0 = Release|Any CPU
	EndGlobalSection
	GlobalSection(SolutionProperties) = preSolution
		HideSolutionNode = FALSE
	EndGlobalSection
	GlobalSection(ExtensibilityGlobals) = postSolution
		SolutionGuid = {A34E9317-BBE1-43A0-879E-BACF4FDD302B}
	EndGlobalSection
EndGlobal
